version = 1
revision = 3
requires-python = ">=3.13"

[[package]]
name = "airbnb"
version = "0.1.0"
source = { virtual = "." }
dependencies = [
    { name = "apify-client" },
]

[package.metadata]
requires-dist = [{ name = "apify-client", specifier = ">=2.5.0" }]

[[package]]
name = "apify-client"
version = "2.5.0"
source = { registry = "https://pypi.org/simple" }
dependencies = [
    { name = "apify-shared" },
    { name = "colorama" },
    { name = "impit" },
    { name = "more-itertools" },
]
sdist = { url = "https://files.pythonhosted.org/packages/78/6a/b872d6bbc84c6aaf27b455492c6ff1bd057fea302c5d40619c733d48a718/apify_client-2.5.0.tar.gz", hash = "sha256:daa2af6a50e573f78bd46a4728a3f2be76cee93cf5c4ff9d0fd38b6756792689", size = 377916, upload-time = "2026-02-18T13:03:16.083Z" }
wheels = [
    { url = "https://files.pythonhosted.org/packages/2b/82/4fe19adfa6b962ab8a740782b6246b7c499f13edccac24733f015d895725/apify_client-2.5.0-py3-none-any.whl", hash = "sha256:4aa6172bed92d83f2d2bbe1f95cfaab2e147a834dfa007e309fd0b4709423316", size = 86996, upload-time = "2026-02-18T13:03:14.891Z" },
]

[[package]]
name = "apify-shared"
version = "2.2.0"
source = { registry = "https://pypi.org/simple" }
sdist = { url = "https://files.pythonhosted.org/packages/ec/88/8833a8bba9044ce134bb2e57fbb626f1ddbeecac964bc2e2b652a50fadd1/apify_shared-2.2.0.tar.gz", hash = "sha256:ad48a96084e3c38faa1bac723a47929a1bb2c771544da2f0cb503eabdecfc79a", size = 45534, upload-time = "2026-01-15T10:17:14.592Z" }
wheels = [
    { url = "https://files.pythonhosted.org/packages/75/7c/9607852e2bb324fa40a5b967e162dea1b3c76b429cf90b602e4a202c101a/apify_shared-2.2.0-py3-none-any.whl", hash = "sha256:667d4d00ac3cf8091702640547387ac5c72a1df402bbb3923f7a401bc25d9d50", size = 16408, upload-time = "2026-01-15T10:17:13.103Z" },
]

[[package]]
name = "colorama"
version = "0.4.6"
source = { registry = "https://pypi.org/simple" }
sdist = { url = "https://files.pythonhosted.org/packages/d8/53/6f443c9a4a8358a93a6792e2acffb9d9d5cb0a5cfd8802644b7b1c9a02e4/colorama-0.4.6.tar.gz", hash = "sha256:08695f5cb7ed6e0531a20572697297273c47b8cae5a63ffc6d6ed5c201be6e44", size = 27697, upload-time = "2022-10-25T02:36:22.414Z" }
wheels = [
    { url = "https://files.pythonhosted.org/packages/d1/d6/3965ed04c63042e047cb6a3e6ed1a63a35087b6a609aa3a15ed8ac56c221/colorama-0.4.6-py2.py3-none-any.whl", hash = "sha256:4f1d9991f5acc0ca119f9d443620b77f9d6b33703e51011c16baf57afb285fc6", size = 25335, upload-time = "2022-10-25T02:36:20.889Z" },
]

[[package]]
name = "impit"
version = "0.11.0"
source = { registry = "https://pypi.org/simple" }
sdist = { url = "https://files.pythonhosted.org/packages/d6/08/319444d1936dd31dd77f0132c09c8ad7759767f04b53a49eed53506e90c7/impit-0.11.0.tar.gz", hash = "sha256:fa55517116c774ca7f402d0d76584278a547c23c9cfedf22973b0ac88d155a5f", size = 138420, upload-time = "2026-02-11T10:08:40.13Z" }
wheels = [
    { url = "https://files.pythonhosted.org/packages/4a/7a/594cecd61823223778fb03dbc4ff0cd41ddeca735ef7461916dd7cc291b0/impit-0.11.0-cp313-cp313-macosx_10_12_x86_64.whl", hash = "sha256:53ab6096105fba0ef4de9ab76c26028984e251f401a880c479fe29c899f75166", size = 3758362, upload-time = "2026-02-11T10:07:57.136Z" },
    { url = "https://files.pythonhosted.org/packages/c6/33/81de41a724e67e86ea5c5b4c7a379a7ef5d2af5e77f83d09a4319cee4039/impit-0.11.0-cp313-cp313-macosx_11_0_arm64.whl", hash = "sha256:a7e29d51b8cf3acaa340d9994cd5a8a3b88e6e0f1341a3bbaefd1e3e9e742d0a", size = 3627604, upload-time = "2026-02-11T10:07:58.939Z" },
    { url = "https://files.pythonhosted.org/packages/6b/54/7cb13e80d44b9e8cb9b1ec29658ae2ba660a8700ce942e577d08a5f2cdef/impit-0.11.0-cp313-cp313-manylinux_2_17_x86_64.manylinux2014_x86_64.whl", hash = "sha256:f8514b211c3179e7b8957017864e297520b9908c269e2172bbb4cbb309198316", size = 3993077, upload-time = "2026-02-11T10:08:00.375Z" },
    { url = "https://files.pythonhosted.org/packages/fd/3e/66d6d3f8571e14fd6740ac4ec677acdfbdc44055eaec5a9126936f0843f5/impit-0.11.0-cp313-cp313-manylinux_2_28_aarch64.whl", hash = "sha256:40570e79f33d95f484461a51976c1f5e53e45ed6b7cb7b72110fb70d1988bc48", size = 3871831, upload-time = "2026-02-11T10:08:02.293Z" },
    { url = "https://files.pythonhosted.org/packages/ab/11/62c7136ad2b7bc892e2d7ec2862136a31c2ca0feb5eaad11ff23eab315fd/impit-0.11.0-cp313-cp313-musllinux_1_2_aarch64.whl", hash = "sha256:1259d1b926fee4ffe34cdcc8f35e2c226280281fd92d2c67a539849140ce9735", size = 4092120, upload-time = "2026-02-11T10:08:03.737Z" },
    { url = "https://files.pythonhosted.org/packages/26/a5/dd68c8d8549a554b63e6616ec6a903480f5d4e70f95327c58f9230b45eef/impit-0.11.0-cp313-cp313-musllinux_1_2_x86_64.whl", hash = "sha256:e0a7bafedb603230fbda1b0ece0865e4d66076c4673176579ef9e4714e73d6b1", size = 4240204, upload-time = "2026-02-11T10:08:05.265Z" },
    { url = "https://files.pythonhosted.org/packages/15/17/4d732af37e7791078be10d242d12ef8b65fb5a94ae58dcd45a3190c928a7/impit-0.11.0-cp313-cp313-win_amd64.whl", hash = "sha256:24ee5528c58c719d1a33d7253f290afd24109b500fea9ff7ba00c18295e78d4f", size = 3648159, upload-time = "2026-02-11T10:08:06.869Z" },
    { url = "https://files.pythonhosted.org/packages/c6/91/34c855ea87d8b8e16783cc9d7734196ee0aebd4116d776fdfa7b1b4a9797/impit-0.11.0-cp313-cp313t-macosx_10_12_x86_64.whl", hash = "sha256:02da101435d1f8911d5b0fff3bf4cd0b143805c51bb8347c1d0bed5ab5faf11b", size = 3758457, upload-time = "2026-02-11T10:08:08.484Z" },
    { url = "https://files.pythonhosted.org/packages/d7/d9/634ae090d551aac2066ea94f2d4baa78350e998583ba17564944faa0ed7a/impit-0.11.0-cp313-cp313t-macosx_11_0_arm64.whl", hash = "sha256:b131a50299197cbb8c04cdf9ed7fd062481f92dea87b1a1de5cfee8845ffcad4", size = 3627573, upload-time = "2026-02-11T10:08:09.88Z" },
    { url = "https://files.pythonhosted.org/packages/27/5b/903cc92d9b930ce2edbd58f650804f81ad9c86311ae85398baeb99b8391e/impit-0.11.0-cp313-cp313t-manylinux_2_17_x86_64.manylinux2014_x86_64.whl", hash = "sha256:7c92fa5dce2af736c998615f00a867ef0b7d4f5064a31f6def82d137f81d1ad1", size = 3994023, upload-time = "2026-02-11T10:08:11.347Z" },
    { url = "https://files.pythonhosted.org/packages/d5/cc/ee9ecbc91d48913313ffac6e701a8c0f2231b46abfa23f8c28ad7023e760/impit-0.11.0-cp313-cp313t-manylinux_2_28_aarch64.whl", hash = "sha256:c6e4ccf2406318b5bfc7bae68ed782f0db37400e3e38abc0ee0554311a81ffb7", size = 3871594, upload-time = "2026-02-11T10:08:13.464Z" },
    { url = "https://files.pythonhosted.org/packages/04/2d/d5dfbd839d7f9bcbdcb8adfe132d79c512322290fcacdc69fb18cf206637/impit-0.11.0-cp313-cp313t-musllinux_1_2_aarch64.whl", hash = "sha256:f332eff30b395ad124c67e03a62d2372381e3b868f8896183637653a67ffa2ec", size = 4091810, upload-time = "2026-02-11T10:08:14.856Z" },
    { url = "https://files.pythonhosted.org/packages/2b/4a/651dbc941fab18af1a181eaa08733164bfaa3aeb90d81e9e2a78ba8ee34f/impit-0.11.0-cp313-cp313t-musllinux_1_2_x86_64.whl", hash = "sha256:e2c115f1f7dc56df3ead8f6ad7e35d8e72d617401ef7c4beee7d98669b917999", size = 4240670, upload-time = "2026-02-11T10:08:16.369Z" },
    { url = "https://files.pythonhosted.org/packages/5b/f7/e16ef650d79b90eaf60cc09ca94eb2ba8ecc7b79912f09a78c3da817a07b/impit-0.11.0-cp314-cp314-macosx_10_12_x86_64.whl", hash = "sha256:f1069b0923cf0ea09c6ea0600866a2a290422f25b35a33ec1587bf549fa04a09", size = 3758387, upload-time = "2026-02-11T10:08:17.784Z" },
    { url = "https://files.pythonhosted.org/packages/b5/66/f3c6620909216a5323a772d7bb0610bbd99229bf5fe54d1468c9e9639b43/impit-0.11.0-cp314-cp314-macosx_11_0_arm64.whl", hash = "sha256:44376cec9c5ca0140dca1b2d7974fe3571b6e996a3c3cc5b934f690cb8c99ec6", size = 3628029, upload-time = "2026-02-11T10:08:19.298Z" },
    { url = "https://files.pythonhosted.org/packages/16/87/58e7d0b5107d8d45c65e0d965046b0339c5d19bdf8bb3a75eeb68fa3a302/impit-0.11.0-cp314-cp314-manylinux_2_17_x86_64.manylinux2014_x86_64.whl", hash = "sha256:a546eb74b4d3b26635046e385cf4a7d0573865d18a303fc8d7387fbba656d93f", size = 3993323, upload-time = "2026-02-11T10:08:20.823Z" },
    { url = "https://files.pythonhosted.org/packages/e2/50/e24e6640a4c96c315ae5ff0899e5e941e8d64060df607377cb125b30350d/impit-0.11.0-cp314-cp314-manylinux_2_28_aarch64.whl", hash = "sha256:c2aefa00148e1b55b448d1e2b408e45c8f7728efdad06440b6d558dd75f25328", size = 3872279, upload-time = "2026-02-11T10:08:23.941Z" },
    { url = "https://files.pythonhosted.org/packages/aa/74/414ecdc22c109970e11dba579e202d3d79b9b2d9f4dc756cc2e91186996c/impit-0.11.0-cp314-cp314-musllinux_1_2_aarch64.whl", hash = "sha256:3f9072ba529a0c1600335e11d058475665d63b7517e161fa702d450c3f0f0b8c", size = 4092074, upload-time = "2026-02-11T10:08:25.39Z" },
    { url = "https://files.pythonhosted.org/packages/e1/9a/d79e2ceb2d6c2801219a40f710de4e9a4892cefadc5c75a7ab80c7d52c42/impit-0.11.0-cp314-cp314-musllinux_1_2_x86_64.whl", hash = "sha256:feb92660a43cba72fa3314bb5be33098d0c0b8ab89f8f8e9a6980c355d507bfb", size = 4240433, upload-time = "2026-02-11T10:08:26.896Z" },
    { url = "https://files.pythonhosted.org/packages/0b/b7/43006f0aa0c9cac26d55529180e4cda4594d8293fb2ba6b2c4f6e5063414/impit-0.11.0-cp314-cp314-win_amd64.whl", hash = "sha256:3fd3702edda92a15a7f09a71abce81c1b65fdfdbe964397e127700e228fbacac", size = 3648531, upload-time = "2026-02-11T10:08:28.331Z" },
    { url = "https://files.pythonhosted.org/packages/ee/99/9253d5b5ce4abff0f19fe21998b8776f978401674f53268d5c3cfd287170/impit-0.11.0-cp314-cp314t-macosx_10_12_x86_64.whl", hash = "sha256:7499cf0a34e2eff069013b2dd489e9a929b323c6c1c2adf2391de9438fadb557", size = 3758459, upload-time = "2026-02-11T10:08:29.746Z" },
    { url = "https://files.pythonhosted.org/packages/74/82/9a292ca7487ad8f218a784ee8594fb589aa96429d4ecb166c63962860269/impit-0.11.0-cp314-cp314t-macosx_11_0_arm64.whl", hash = "sha256:f7cb9fdd197c28128cfbba78fa1483e08ff1bf67cbc9997710ec4101aa9d4ae3", size = 3627824, upload-time = "2026-02-11T10:08:31.794Z" },
    { url = "https://files.pythonhosted.org/packages/c0/3f/4f886c798a4c2cb26a9adf0aa48c64232d791e6405a03126f683751b35b4/impit-0.11.0-cp314-cp314t-manylinux_2_17_x86_64.manylinux2014_x86_64.whl", hash = "sha256:6dc7084882e57412cdb381718828e0d0cb69bc6a8cf3a2cc19dd5c60f840fbb3", size = 3994186, upload-time = "2026-02-11T10:08:33.255Z" },
    { url = "https://files.pythonhosted.org/packages/b0/6a/fbf88a6fe3d36bc8b883556699d6ec4a84ef95c46db465301b104bf18682/impit-0.11.0-cp314-cp314t-manylinux_2_28_aarch64.whl", hash = "sha256:3a7c29bfc3c7196e67e004302680d0e52ae3382c0cb784f112c4fcfd379a10b4", size = 3871715, upload-time = "2026-02-11T10:08:35.25Z" },
    { url = "https://files.pythonhosted.org/packages/4b/f2/52f76e3f1920c8ebd47ae8df90083066e5c6d6c2306596969936284281e4/impit-0.11.0-cp314-cp314t-musllinux_1_2_aarch64.whl", hash = "sha256:44437e828f1231fcc880b62ed98afeb16b0b033af003e260edd6e13b362b9eac", size = 4092082, upload-time = "2026-02-11T10:08:36.762Z" },
    { url = "https://files.pythonhosted.org/packages/22/63/3c916f49ad1b6524b71ae162a76b8e3f21a1e61b2a7f036d1f560ca255cc/impit-0.11.0-cp314-cp314t-musllinux_1_2_x86_64.whl", hash = "sha256:568b6037c9bde1f0eb3c2bfec80402b3f52f171b69566b4bf2e81c1a8c694c74", size = 4240637, upload-time = "2026-02-11T10:08:38.758Z" },
]

[[package]]
name = "more-itertools"
version = "10.8.0"
source = { registry = "https://pypi.org/simple" }
sdist = { url = "https://files.pythonhosted.org/packages/ea/5d/38b681d3fce7a266dd9ab73c66959406d565b3e85f21d5e66e1181d93721/more_itertools-10.8.0.tar.gz", hash = "sha256:f638ddf8a1a0d134181275fb5d58b086ead7c6a72429ad725c67503f13ba30bd", size = 137431, upload-time = "2025-09-02T15:23:11.018Z" }
wheels = [
    { url = "https://files.pythonhosted.org/packages/a4/8e/469e5a4a2f5855992e425f3cb33804cc07bf18d48f2db061aec61ce50270/more_itertools-10.8.0-py3-none-any.whl", hash = "sha256:52d4362373dcf7c52546bc4af9a86ee7c4579df9a8dc268be0a2f949d376cc9b", size = 69667, upload-time = "2025-09-02T15:23:09.635Z" },
]
